
Microsoft Visual Studio Solution File, Format Version 12.00
# Visual Studio 15
VisualStudioVersion = 15.0.28307.1209
MinimumVisualStudioVersion = 10.0.40219.1
Project("{159641D6-6404-4A2A-AE62-294DE0FE8301}") = "CompetitionTask", "CompetitionTask\CompetitionTask.dtproj", "{639A4D24-8853-444F-8B05-87517E7B1846}"
EndProject
Global
	GlobalSection(SolutionConfigurationPlatforms) = preSolution
		Development|Default = Development|Default
	EndGlobalSection
	GlobalSection(ProjectConfigurationPlatforms) = postSolution
		{639A4D24-8853-444F-8B05-87517E7B1846}.Development|Default.ActiveCfg = Development
		{639A4D24-8853-444F-8B05-87517E7B1846}.Development|Default.Build.0 = Development
	EndGlobalSection
	GlobalSection(SolutionProperties) = preSolution
		HideSolutionNode = FALSE
	EndGlobalSection
	GlobalSection(ExtensibilityGlobals) = postSolution
		SolutionGuid = {86569EFF-3E3C-4A4B-BF9F-F35EF03F658D}
	EndGlobalSection
EndGlobal
